// !$*UTF8*$!
{
	archiveVersion = 1;
	classes = {
	};
	objectVersion = 56;
	objects = {

/* Begin PBXBuildFile section */
		CAD982882D1B0D1E0071FEBF /* AppDelegate.swift in Sources */ = {isa = PBXBuildFile; fileRef = CAD982872D1B0D1E0071FEBF /* AppDelegate.swift */; };
		CAD9828C2D1B0D1E0071FEBF /* HomeController.swift in Sources */ = {isa = PBXBuildFile; fileRef = CAD9828B2D1B0D1E0071FEBF /* HomeController.swift */; };
		CAD982912D1B0D220071FEBF /* Assets.xcassets in Resources */ = {isa = PBXBuildFile; fileRef = CAD982902D1B0D220071FEBF /* Assets.xcassets */; };
		CAD982942D1B0D220071FEBF /* Base in Resources */ = {isa = PBXBuildFile; fileRef = CAD982932D1B0D220071FEBF /* Base */; };
		CAD982C02D1B0F720071FEBF /* Extensions.swift in Sources */ = {isa = PBXBuildFile; fileRef = CAD982BF2D1B0F720071FEBF /* Extensions.swift */; };
		CAD982C22D1B0FA10071FEBF /* LayoutExtension.swift in Sources */ = {isa = PBXBuildFile; fileRef = CAD982C12D1B0FA10071FEBF /* LayoutExtension.swift */; };
		CAD982C42D1B10330071FEBF /* BaseViewController.swift in Sources */ = {isa = PBXBuildFile; fileRef = CAD982C32D1B10330071FEBF /* BaseViewController.swift */; };
		CAD982CB2D1B121A0071FEBF /* CoreAPIHelper.swift in Sources */ = {isa = PBXBuildFile; fileRef = CAD982C72D1B121A0071FEBF /* CoreAPIHelper.swift */; };
		CAD982CC2D1B121A0071FEBF /* CoreAPIManager.swift in Sources */ = {isa = PBXBuildFile; fileRef = CAD982C82D1B121A0071FEBF /* CoreAPIManager.swift */; };
		CAD982CD2D1B121A0071FEBF /* CoreErrorModel.swift in Sources */ = {isa = PBXBuildFile; fileRef = CAD982C92D1B121A0071FEBF /* CoreErrorModel.swift */; };
		CAD982D12D1B165C0071FEBF /* Coordinator.swift in Sources */ = {isa = PBXBuildFile; fileRef = CAD982CE2D1B165C0071FEBF /* Coordinator.swift */; };
		CAD982D22D1B165C0071FEBF /* SceneDelegate.swift in Sources */ = {isa = PBXBuildFile; fileRef = CAD982CF2D1B165C0071FEBF /* SceneDelegate.swift */; };
		CAD982D32D1B165C0071FEBF /* AppCoordinator.swift in Sources */ = {isa = PBXBuildFile; fileRef = CAD982D02D1B165C0071FEBF /* AppCoordinator.swift */; };
		CAD982D52D1E5CCA0071FEBF /* HomeTabBarCoordinator.swift in Sources */ = {isa = PBXBuildFile; fileRef = CAD982D42D1E5CCA0071FEBF /* HomeTabBarCoordinator.swift */; };
		CAD982D82D1E60970071FEBF /* TabBarController.swift in Sources */ = {isa = PBXBuildFile; fileRef = CAD982D72D1E60970071FEBF /* TabBarController.swift */; };
		CAD982DB2D1E65CE0071FEBF /* HomeCoordinator.swift in Sources */ = {isa = PBXBuildFile; fileRef = CAD982DA2D1E65CE0071FEBF /* HomeCoordinator.swift */; };
		CAD982DE2D1E66BA0071FEBF /* HomeViewModel.swift in Sources */ = {isa = PBXBuildFile; fileRef = CAD982DD2D1E66BA0071FEBF /* HomeViewModel.swift */; };
		CAD982E12D1FB1E40071FEBF /* FavouriteCoordinator.swift in Sources */ = {isa = PBXBuildFile; fileRef = CAD982E02D1FB1E40071FEBF /* FavouriteCoordinator.swift */; };
		CAD982E32D1FB2080071FEBF /* FavouriteViewModel.swift in Sources */ = {isa = PBXBuildFile; fileRef = CAD982E22D1FB2080071FEBF /* FavouriteViewModel.swift */; };
		CAD982E52D1FB2290071FEBF /* FavouriteController.swift in Sources */ = {isa = PBXBuildFile; fileRef = CAD982E42D1FB2290071FEBF /* FavouriteController.swift */; };
		CAD982E92D229DE60071FEBF /* TrendingAPIService.swift in Sources */ = {isa = PBXBuildFile; fileRef = CAD982E82D229DE60071FEBF /* TrendingAPIService.swift */; };
		CAD982EB2D229DF90071FEBF /* TrendingUseCase.swift in Sources */ = {isa = PBXBuildFile; fileRef = CAD982EA2D229DF90071FEBF /* TrendingUseCase.swift */; };
		CAD982ED2D229E0E0071FEBF /* TrendingHelper.swift in Sources */ = {isa = PBXBuildFile; fileRef = CAD982EC2D229E0E0071FEBF /* TrendingHelper.swift */; };
		CAD982F02D268EEE0071FEBF /* MovieDTO.swift in Sources */ = {isa = PBXBuildFile; fileRef = CAD982EF2D268EEE0071FEBF /* MovieDTO.swift */; };
		CAD982F32D27E1A30071FEBF /* MovieCell.swift in Sources */ = {isa = PBXBuildFile; fileRef = CAD982F22D27E1A30071FEBF /* MovieCell.swift */; };
		CAD982F62D27F0140071FEBF /* HomeLayouts.swift in Sources */ = {isa = PBXBuildFile; fileRef = CAD982F52D27F0140071FEBF /* HomeLayouts.swift */; };
		CAD982F92D28047A0071FEBF /* SDWebImage in Frameworks */ = {isa = PBXBuildFile; productRef = CAD982F82D28047A0071FEBF /* SDWebImage */; };
		CAD982FB2D28047A0071FEBF /* SDWebImageMapKit in Frameworks */ = {isa = PBXBuildFile; productRef = CAD982FA2D28047A0071FEBF /* SDWebImageMapKit */; };
		CAD982FE2D2840570071FEBF /* TrandingSectionCell.swift in Sources */ = {isa = PBXBuildFile; fileRef = CAD982FD2D2840570071FEBF /* TrandingSectionCell.swift */; };
		CAD983002D2844830071FEBF /* SectionHeader.swift in Sources */ = {isa = PBXBuildFile; fileRef = CAD982FF2D2844830071FEBF /* SectionHeader.swift */; };
		CAD983022D2960B20071FEBF /* GoogleService-Info.plist in Resources */ = {isa = PBXBuildFile; fileRef = CAD983012D2960B20071FEBF /* GoogleService-Info.plist */; };
		CAD983062D29626A0071FEBF /* FirebaseCore in Frameworks */ = {isa = PBXBuildFile; productRef = CAD983052D29626A0071FEBF /* FirebaseCore */; };
		CAD983082D29647E0071FEBF /* FirebaseFirestore in Frameworks */ = {isa = PBXBuildFile; productRef = CAD983072D29647E0071FEBF /* FirebaseFirestore */; };
		CAD9830A2D2964970071FEBF /* FirebaseAuth in Frameworks */ = {isa = PBXBuildFile; productRef = CAD983092D2964970071FEBF /* FirebaseAuth */; };
		CAD9830F2D2AB1140071FEBF /* AuthCoordinator.swift in Sources */ = {isa = PBXBuildFile; fileRef = CAD9830E2D2AB1140071FEBF /* AuthCoordinator.swift */; };
		CAD983112D2AB1440071FEBF /* AuthNavigation.swift in Sources */ = {isa = PBXBuildFile; fileRef = CAD983102D2AB1440071FEBF /* AuthNavigation.swift */; };
		CAD983152D2AB2C20071FEBF /* LoginController.swift in Sources */ = {isa = PBXBuildFile; fileRef = CAD983142D2AB2C20071FEBF /* LoginController.swift */; };
		CAD983172D2AB2D60071FEBF /* LoginViewModel.swift in Sources */ = {isa = PBXBuildFile; fileRef = CAD983162D2AB2D60071FEBF /* LoginViewModel.swift */; };
		CAD983192D2B11AC0071FEBF /* NowPlayingDTO.swift in Sources */ = {isa = PBXBuildFile; fileRef = CAD983182D2B11AC0071FEBF /* NowPlayingDTO.swift */; };
		CAD9831B2D2B133A0071FEBF /* PopularDTO.swift in Sources */ = {isa = PBXBuildFile; fileRef = CAD9831A2D2B133A0071FEBF /* PopularDTO.swift */; };
		CAD9831D2D2B14460071FEBF /* TopRatedDTO.swift in Sources */ = {isa = PBXBuildFile; fileRef = CAD9831C2D2B14460071FEBF /* TopRatedDTO.swift */; };
		CAD9831F2D2B14AD0071FEBF /* UpcomingDTO.swift in Sources */ = {isa = PBXBuildFile; fileRef = CAD9831E2D2B14AD0071FEBF /* UpcomingDTO.swift */; };
		CAD983252D2B16170071FEBF /* NowPlayingHelper.swift in Sources */ = {isa = PBXBuildFile; fileRef = CAD983242D2B16170071FEBF /* NowPlayingHelper.swift */; };
		CAD983272D2B162C0071FEBF /* NowPlayingUseCase.swift in Sources */ = {isa = PBXBuildFile; fileRef = CAD983262D2B162C0071FEBF /* NowPlayingUseCase.swift */; };
		CAD983292D2B16450071FEBF /* NowPlayingAPIService.swift in Sources */ = {isa = PBXBuildFile; fileRef = CAD983282D2B16450071FEBF /* NowPlayingAPIService.swift */; };
		CAD9832B2D2B16880071FEBF /* PopularHelper.swift in Sources */ = {isa = PBXBuildFile; fileRef = CAD9832A2D2B16880071FEBF /* PopularHelper.swift */; };
		CAD9832D2D2B16A10071FEBF /* PopularUseCase.swift in Sources */ = {isa = PBXBuildFile; fileRef = CAD9832C2D2B16A10071FEBF /* PopularUseCase.swift */; };
		CAD9832F2D2B16B50071FEBF /* PopularAPIService.swift in Sources */ = {isa = PBXBuildFile; fileRef = CAD9832E2D2B16B50071FEBF /* PopularAPIService.swift */; };
		CAD983312D2B16D70071FEBF /* TopRatedHelper.swift in Sources */ = {isa = PBXBuildFile; fileRef = CAD983302D2B16D70071FEBF /* TopRatedHelper.swift */; };
		CAD983332D2B16E60071FEBF /* TopRatedUseCase.swift in Sources */ = {isa = PBXBuildFile; fileRef = CAD983322D2B16E60071FEBF /* TopRatedUseCase.swift */; };
		CAD983352D2B16F80071FEBF /* TopRatedAPIService.swift in Sources */ = {isa = PBXBuildFile; fileRef = CAD983342D2B16F80071FEBF /* TopRatedAPIService.swift */; };
		CAD983372D2B17160071FEBF /* UpcomingHelper.swift in Sources */ = {isa = PBXBuildFile; fileRef = CAD983362D2B17160071FEBF /* UpcomingHelper.swift */; };
		CAD983392D2B17260071FEBF /* UpcomingUseCase.swift in Sources */ = {isa = PBXBuildFile; fileRef = CAD983382D2B17260071FEBF /* UpcomingUseCase.swift */; };
		CAD9833B2D2B17390071FEBF /* UpcomingAPIService.swift in Sources */ = {isa = PBXBuildFile; fileRef = CAD9833A2D2B17390071FEBF /* UpcomingAPIService.swift */; };
		CAD9833E2D2C13E10071FEBF /* SearchCoordinator.swift in Sources */ = {isa = PBXBuildFile; fileRef = CAD9833D2D2C13E10071FEBF /* SearchCoordinator.swift */; };
		CAD983412D2C140F0071FEBF /* SearchController.swift in Sources */ = {isa = PBXBuildFile; fileRef = CAD983402D2C140F0071FEBF /* SearchController.swift */; };
		CAD983432D2C143A0071FEBF /* SearchViewModel.swift in Sources */ = {isa = PBXBuildFile; fileRef = CAD983422D2C143A0071FEBF /* SearchViewModel.swift */; };
		CAD983452D2C28480071FEBF /* PopularSegmentCell.swift in Sources */ = {isa = PBXBuildFile; fileRef = CAD983442D2C28480071FEBF /* PopularSegmentCell.swift */; };
		CAD983472D2C2C620071FEBF /* colors.xcassets in Resources */ = {isa = PBXBuildFile; fileRef = CAD983462D2C2C620071FEBF /* colors.xcassets */; };
		CAD9834A2D2C319A0071FEBF /* PersonCoordinator.swift in Sources */ = {isa = PBXBuildFile; fileRef = CAD983492D2C319A0071FEBF /* PersonCoordinator.swift */; };
		CAD9834D2D2C31DF0071FEBF /* PersonController.swift in Sources */ = {isa = PBXBuildFile; fileRef = CAD9834C2D2C31DF0071FEBF /* PersonController.swift */; };
		CAD9834F2D2C32160071FEBF /* PersonViewModel.swift in Sources */ = {isa = PBXBuildFile; fileRef = CAD9834E2D2C32160071FEBF /* PersonViewModel.swift */; };
		CAD983512D2C41640071FEBF /* NowPlayingSegmentCell.swift in Sources */ = {isa = PBXBuildFile; fileRef = CAD983502D2C41640071FEBF /* NowPlayingSegmentCell.swift */; };
		CAD983532D2C50990071FEBF /* UpcomingSegmentCell.swift in Sources */ = {isa = PBXBuildFile; fileRef = CAD983522D2C50990071FEBF /* UpcomingSegmentCell.swift */; };
		CAD983552D2C51350071FEBF /* TopRatedSegmentCell.swift in Sources */ = {isa = PBXBuildFile; fileRef = CAD983542D2C51350071FEBF /* TopRatedSegmentCell.swift */; };
		CAD983572D2C59330071FEBF /* RegisterController.swift in Sources */ = {isa = PBXBuildFile; fileRef = CAD983562D2C59330071FEBF /* RegisterController.swift */; };
		CAD983592D2C596B0071FEBF /* RegisterViewModel.swift in Sources */ = {isa = PBXBuildFile; fileRef = CAD983582D2C596B0071FEBF /* RegisterViewModel.swift */; };
		CAD983832D47E7600071FEBF /* MovieDetailController.swift in Sources */ = {isa = PBXBuildFile; fileRef = CAD983822D47E7600071FEBF /* MovieDetailController.swift */; };
		CAD983852D47E7930071FEBF /* MovieDetailViewModel.swift in Sources */ = {isa = PBXBuildFile; fileRef = CAD983842D47E7930071FEBF /* MovieDetailViewModel.swift */; };
		CAD983872D47E96F0071FEBF /* HomeNavigation.swift in Sources */ = {isa = PBXBuildFile; fileRef = CAD983862D47E96F0071FEBF /* HomeNavigation.swift */; };
		CAD983892D4A12430071FEBF /* MovieDetail.swift in Sources */ = {isa = PBXBuildFile; fileRef = CAD983882D4A12430071FEBF /* MovieDetail.swift */; };
		CAD9838B2D4A96160071FEBF /* WebViewController.swift in Sources */ = {isa = PBXBuildFile; fileRef = CAD9838A2D4A96160071FEBF /* WebViewController.swift */; };
/* End PBXBuildFile section */

/* Begin PBXContainerItemProxy section */
		CAD9829B2D1B0D220071FEBF /* PBXContainerItemProxy */ = {
			isa = PBXContainerItemProxy;
			containerPortal = CAD9827C2D1B0D1E0071FEBF /* Project object */;
			proxyType = 1;
			remoteGlobalIDString = CAD982832D1B0D1E0071FEBF;
			remoteInfo = MovieApp;
		};
		CAD982A52D1B0D220071FEBF /* PBXContainerItemProxy */ = {
			isa = PBXContainerItemProxy;
			containerPortal = CAD9827C2D1B0D1E0071FEBF /* Project object */;
			proxyType = 1;
			remoteGlobalIDString = CAD982832D1B0D1E0071FEBF;
			remoteInfo = MovieApp;
		};
/* End PBXContainerItemProxy section */

/* Begin PBXFileReference section */
		CAD982842D1B0D1E0071FEBF /* MovieApp.app */ = {isa = PBXFileReference; explicitFileType = wrapper.application; includeInIndex = 0; path = MovieApp.app; sourceTree = BUILT_PRODUCTS_DIR; };
		CAD982872D1B0D1E0071FEBF /* AppDelegate.swift */ = {isa = PBXFileReference; lastKnownFileType = sourcecode.swift; path = AppDelegate.swift; sourceTree = "<group>"; };
		CAD9828B2D1B0D1E0071FEBF /* HomeController.swift */ = {isa = PBXFileReference; lastKnownFileType = sourcecode.swift; path = HomeController.swift; sourceTree = "<group>"; };
		CAD982902D1B0D220071FEBF /* Assets.xcassets */ = {isa = PBXFileReference; lastKnownFileType = folder.assetcatalog; path = Assets.xcassets; sourceTree = "<group>"; };
		CAD982932D1B0D220071FEBF /* Base */ = {isa = PBXFileReference; lastKnownFileType = file.storyboard; name = Base; path = Base.lproj/LaunchScreen.storyboard; sourceTree = "<group>"; };
		CAD982952D1B0D220071FEBF /* Info.plist */ = {isa = PBXFileReference; lastKnownFileType = text.plist.xml; path = Info.plist; sourceTree = "<group>"; };
		CAD9829A2D1B0D220071FEBF /* MovieAppTests.xctest */ = {isa = PBXFileReference; explicitFileType = wrapper.cfbundle; includeInIndex = 0; path = MovieAppTests.xctest; sourceTree = BUILT_PRODUCTS_DIR; };
		CAD982A42D1B0D220071FEBF /* MovieAppUITests.xctest */ = {isa = PBXFileReference; explicitFileType = wrapper.cfbundle; includeInIndex = 0; path = MovieAppUITests.xctest; sourceTree = BUILT_PRODUCTS_DIR; };
		CAD982BF2D1B0F720071FEBF /* Extensions.swift */ = {isa = PBXFileReference; lastKnownFileType = sourcecode.swift; path = Extensions.swift; sourceTree = "<group>"; };
		CAD982C12D1B0FA10071FEBF /* LayoutExtension.swift */ = {isa = PBXFileReference; lastKnownFileType = sourcecode.swift; path = LayoutExtension.swift; sourceTree = "<group>"; };
		CAD982C32D1B10330071FEBF /* BaseViewController.swift */ = {isa = PBXFileReference; lastKnownFileType = sourcecode.swift; path = BaseViewController.swift; sourceTree = "<group>"; };
		CAD982C72D1B121A0071FEBF /* CoreAPIHelper.swift */ = {isa = PBXFileReference; fileEncoding = 4; lastKnownFileType = sourcecode.swift; path = CoreAPIHelper.swift; sourceTree = "<group>"; };
		CAD982C82D1B121A0071FEBF /* CoreAPIManager.swift */ = {isa = PBXFileReference; fileEncoding = 4; lastKnownFileType = sourcecode.swift; path = CoreAPIManager.swift; sourceTree = "<group>"; };
		CAD982C92D1B121A0071FEBF /* CoreErrorModel.swift */ = {isa = PBXFileReference; fileEncoding = 4; lastKnownFileType = sourcecode.swift; path = CoreErrorModel.swift; sourceTree = "<group>"; };
		CAD982CE2D1B165C0071FEBF /* Coordinator.swift */ = {isa = PBXFileReference; fileEncoding = 4; lastKnownFileType = sourcecode.swift; path = Coordinator.swift; sourceTree = "<group>"; };
		CAD982CF2D1B165C0071FEBF /* SceneDelegate.swift */ = {isa = PBXFileReference; fileEncoding = 4; lastKnownFileType = sourcecode.swift; name = SceneDelegate.swift; path = ../../../../../SceneDelegate.swift; sourceTree = "<group>"; };
		CAD982D02D1B165C0071FEBF /* AppCoordinator.swift */ = {isa = PBXFileReference; fileEncoding = 4; lastKnownFileType = sourcecode.swift; path = AppCoordinator.swift; sourceTree = "<group>"; };
		CAD982D42D1E5CCA0071FEBF /* HomeTabBarCoordinator.swift */ = {isa = PBXFileReference; lastKnownFileType = sourcecode.swift; path = HomeTabBarCoordinator.swift; sourceTree = "<group>"; };
		CAD982D72D1E60970071FEBF /* TabBarController.swift */ = {isa = PBXFileReference; lastKnownFileType = sourcecode.swift; path = TabBarController.swift; sourceTree = "<group>"; };
		CAD982DA2D1E65CE0071FEBF /* HomeCoordinator.swift */ = {isa = PBXFileReference; lastKnownFileType = sourcecode.swift; path = HomeCoordinator.swift; sourceTree = "<group>"; };
		CAD982DD2D1E66BA0071FEBF /* HomeViewModel.swift */ = {isa = PBXFileReference; lastKnownFileType = sourcecode.swift; path = HomeViewModel.swift; sourceTree = "<group>"; };
		CAD982E02D1FB1E40071FEBF /* FavouriteCoordinator.swift */ = {isa = PBXFileReference; lastKnownFileType = sourcecode.swift; path = FavouriteCoordinator.swift; sourceTree = "<group>"; };
		CAD982E22D1FB2080071FEBF /* FavouriteViewModel.swift */ = {isa = PBXFileReference; lastKnownFileType = sourcecode.swift; path = FavouriteViewModel.swift; sourceTree = "<group>"; };
		CAD982E42D1FB2290071FEBF /* FavouriteController.swift */ = {isa = PBXFileReference; lastKnownFileType = sourcecode.swift; path = FavouriteController.swift; sourceTree = "<group>"; };
		CAD982E82D229DE60071FEBF /* TrendingAPIService.swift */ = {isa = PBXFileReference; lastKnownFileType = sourcecode.swift; path = TrendingAPIService.swift; sourceTree = "<group>"; };
		CAD982EA2D229DF90071FEBF /* TrendingUseCase.swift */ = {isa = PBXFileReference; lastKnownFileType = sourcecode.swift; path = TrendingUseCase.swift; sourceTree = "<group>"; };
		CAD982EC2D229E0E0071FEBF /* TrendingHelper.swift */ = {isa = PBXFileReference; lastKnownFileType = sourcecode.swift; path = TrendingHelper.swift; sourceTree = "<group>"; };
		CAD982EF2D268EEE0071FEBF /* MovieDTO.swift */ = {isa = PBXFileReference; lastKnownFileType = sourcecode.swift; path = MovieDTO.swift; sourceTree = "<group>"; };
		CAD982F22D27E1A30071FEBF /* MovieCell.swift */ = {isa = PBXFileReference; lastKnownFileType = sourcecode.swift; path = MovieCell.swift; sourceTree = "<group>"; };
		CAD982F52D27F0140071FEBF /* HomeLayouts.swift */ = {isa = PBXFileReference; lastKnownFileType = sourcecode.swift; path = HomeLayouts.swift; sourceTree = "<group>"; };
		CAD982FD2D2840570071FEBF /* TrandingSectionCell.swift */ = {isa = PBXFileReference; lastKnownFileType = sourcecode.swift; path = TrandingSectionCell.swift; sourceTree = "<group>"; };
		CAD982FF2D2844830071FEBF /* SectionHeader.swift */ = {isa = PBXFileReference; lastKnownFileType = sourcecode.swift; path = SectionHeader.swift; sourceTree = "<group>"; };
		CAD983012D2960B20071FEBF /* GoogleService-Info.plist */ = {isa = PBXFileReference; fileEncoding = 4; lastKnownFileType = text.plist.xml; path = "GoogleService-Info.plist"; sourceTree = "<group>"; };
		CAD9830E2D2AB1140071FEBF /* AuthCoordinator.swift */ = {isa = PBXFileReference; lastKnownFileType = sourcecode.swift; path = AuthCoordinator.swift; sourceTree = "<group>"; };
		CAD983102D2AB1440071FEBF /* AuthNavigation.swift */ = {isa = PBXFileReference; lastKnownFileType = sourcecode.swift; path = AuthNavigation.swift; sourceTree = "<group>"; };
		CAD983142D2AB2C20071FEBF /* LoginController.swift */ = {isa = PBXFileReference; lastKnownFileType = sourcecode.swift; path = LoginController.swift; sourceTree = "<group>"; };
		CAD983162D2AB2D60071FEBF /* LoginViewModel.swift */ = {isa = PBXFileReference; lastKnownFileType = sourcecode.swift; path = LoginViewModel.swift; sourceTree = "<group>"; };
		CAD983182D2B11AC0071FEBF /* NowPlayingDTO.swift */ = {isa = PBXFileReference; lastKnownFileType = sourcecode.swift; path = NowPlayingDTO.swift; sourceTree = "<group>"; };
		CAD9831A2D2B133A0071FEBF /* PopularDTO.swift */ = {isa = PBXFileReference; lastKnownFileType = sourcecode.swift; path = PopularDTO.swift; sourceTree = "<group>"; };
		CAD9831C2D2B14460071FEBF /* TopRatedDTO.swift */ = {isa = PBXFileReference; lastKnownFileType = sourcecode.swift; path = TopRatedDTO.swift; sourceTree = "<group>"; };
		CAD9831E2D2B14AD0071FEBF /* UpcomingDTO.swift */ = {isa = PBXFileReference; lastKnownFileType = sourcecode.swift; path = UpcomingDTO.swift; sourceTree = "<group>"; };
		CAD983242D2B16170071FEBF /* NowPlayingHelper.swift */ = {isa = PBXFileReference; lastKnownFileType = sourcecode.swift; path = NowPlayingHelper.swift; sourceTree = "<group>"; };
		CAD983262D2B162C0071FEBF /* NowPlayingUseCase.swift */ = {isa = PBXFileReference; lastKnownFileType = sourcecode.swift; path = NowPlayingUseCase.swift; sourceTree = "<group>"; };
		CAD983282D2B16450071FEBF /* NowPlayingAPIService.swift */ = {isa = PBXFileReference; lastKnownFileType = sourcecode.swift; path = NowPlayingAPIService.swift; sourceTree = "<group>"; };
		CAD9832A2D2B16880071FEBF /* PopularHelper.swift */ = {isa = PBXFileReference; lastKnownFileType = sourcecode.swift; path = PopularHelper.swift; sourceTree = "<group>"; };
		CAD9832C2D2B16A10071FEBF /* PopularUseCase.swift */ = {isa = PBXFileReference; lastKnownFileType = sourcecode.swift; path = PopularUseCase.swift; sourceTree = "<group>"; };
		CAD9832E2D2B16B50071FEBF /* PopularAPIService.swift */ = {isa = PBXFileReference; lastKnownFileType = sourcecode.swift; path = PopularAPIService.swift; sourceTree = "<group>"; };
		CAD983302D2B16D70071FEBF /* TopRatedHelper.swift */ = {isa = PBXFileReference; lastKnownFileType = sourcecode.swift; path = TopRatedHelper.swift; sourceTree = "<group>"; };
		CAD983322D2B16E60071FEBF /* TopRatedUseCase.swift */ = {isa = PBXFileReference; lastKnownFileType = sourcecode.swift; path = TopRatedUseCase.swift; sourceTree = "<group>"; };
		CAD983342D2B16F80071FEBF /* TopRatedAPIService.swift */ = {isa = PBXFileReference; lastKnownFileType = sourcecode.swift; path = TopRatedAPIService.swift; sourceTree = "<group>"; };
		CAD983362D2B17160071FEBF /* UpcomingHelper.swift */ = {isa = PBXFileReference; lastKnownFileType = sourcecode.swift; path = UpcomingHelper.swift; sourceTree = "<group>"; };
		CAD983382D2B17260071FEBF /* UpcomingUseCase.swift */ = {isa = PBXFileReference; lastKnownFileType = sourcecode.swift; path = UpcomingUseCase.swift; sourceTree = "<group>"; };
		CAD9833A2D2B17390071FEBF /* UpcomingAPIService.swift */ = {isa = PBXFileReference; lastKnownFileType = sourcecode.swift; path = UpcomingAPIService.swift; sourceTree = "<group>"; };
		CAD9833D2D2C13E10071FEBF /* SearchCoordinator.swift */ = {isa = PBXFileReference; lastKnownFileType = sourcecode.swift; path = SearchCoordinator.swift; sourceTree = "<group>"; };
		CAD983402D2C140F0071FEBF /* SearchController.swift */ = {isa = PBXFileReference; lastKnownFileType = sourcecode.swift; path = SearchController.swift; sourceTree = "<group>"; };
		CAD983422D2C143A0071FEBF /* SearchViewModel.swift */ = {isa = PBXFileReference; lastKnownFileType = sourcecode.swift; path = SearchViewModel.swift; sourceTree = "<group>"; };
		CAD983442D2C28480071FEBF /* PopularSegmentCell.swift */ = {isa = PBXFileReference; lastKnownFileType = sourcecode.swift; path = PopularSegmentCell.swift; sourceTree = "<group>"; };
		CAD983462D2C2C620071FEBF /* colors.xcassets */ = {isa = PBXFileReference; lastKnownFileType = folder.assetcatalog; path = colors.xcassets; sourceTree = "<group>"; };
		CAD983492D2C319A0071FEBF /* PersonCoordinator.swift */ = {isa = PBXFileReference; lastKnownFileType = sourcecode.swift; path = PersonCoordinator.swift; sourceTree = "<group>"; };
		CAD9834C2D2C31DF0071FEBF /* PersonController.swift */ = {isa = PBXFileReference; lastKnownFileType = sourcecode.swift; path = PersonController.swift; sourceTree = "<group>"; };
		CAD9834E2D2C32160071FEBF /* PersonViewModel.swift */ = {isa = PBXFileReference; lastKnownFileType = sourcecode.swift; path = PersonViewModel.swift; sourceTree = "<group>"; };
		CAD983502D2C41640071FEBF /* NowPlayingSegmentCell.swift */ = {isa = PBXFileReference; lastKnownFileType = sourcecode.swift; path = NowPlayingSegmentCell.swift; sourceTree = "<group>"; };
		CAD983522D2C50990071FEBF /* UpcomingSegmentCell.swift */ = {isa = PBXFileReference; lastKnownFileType = sourcecode.swift; path = UpcomingSegmentCell.swift; sourceTree = "<group>"; };
		CAD983542D2C51350071FEBF /* TopRatedSegmentCell.swift */ = {isa = PBXFileReference; lastKnownFileType = sourcecode.swift; path = TopRatedSegmentCell.swift; sourceTree = "<group>"; };
		CAD983562D2C59330071FEBF /* RegisterController.swift */ = {isa = PBXFileReference; lastKnownFileType = sourcecode.swift; path = RegisterController.swift; sourceTree = "<group>"; };
		CAD983582D2C596B0071FEBF /* RegisterViewModel.swift */ = {isa = PBXFileReference; lastKnownFileType = sourcecode.swift; path = RegisterViewModel.swift; sourceTree = "<group>"; };
		CAD983822D47E7600071FEBF /* MovieDetailController.swift */ = {isa = PBXFileReference; lastKnownFileType = sourcecode.swift; path = MovieDetailController.swift; sourceTree = "<group>"; };
		CAD983842D47E7930071FEBF /* MovieDetailViewModel.swift */ = {isa = PBXFileReference; lastKnownFileType = sourcecode.swift; path = MovieDetailViewModel.swift; sourceTree = "<group>"; };
		CAD983862D47E96F0071FEBF /* HomeNavigation.swift */ = {isa = PBXFileReference; lastKnownFileType = sourcecode.swift; path = HomeNavigation.swift; sourceTree = "<group>"; };
		CAD983882D4A12430071FEBF /* MovieDetail.swift */ = {isa = PBXFileReference; lastKnownFileType = sourcecode.swift; path = MovieDetail.swift; sourceTree = "<group>"; };
		CAD9838A2D4A96160071FEBF /* WebViewController.swift */ = {isa = PBXFileReference; lastKnownFileType = sourcecode.swift; path = WebViewController.swift; sourceTree = "<group>"; };
/* End PBXFileReference section */

/* Begin PBXFrameworksBuildPhase section */
		CAD982812D1B0D1E0071FEBF /* Frameworks */ = {
			isa = PBXFrameworksBuildPhase;
			buildActionMask = 2147483647;
			files = (
				CAD982FB2D28047A0071FEBF /* SDWebImageMapKit in Frameworks */,
				CAD9830A2D2964970071FEBF /* FirebaseAuth in Frameworks */,
				CAD983082D29647E0071FEBF /* FirebaseFirestore in Frameworks */,
				CAD983062D29626A0071FEBF /* FirebaseCore in Frameworks */,
				CAD982F92D28047A0071FEBF /* SDWebImage in Frameworks */,
			);
			runOnlyForDeploymentPostprocessing = 0;
		};
		CAD982972D1B0D220071FEBF /* Frameworks */ = {
			isa = PBXFrameworksBuildPhase;
			buildActionMask = 2147483647;
			files = (
			);
			runOnlyForDeploymentPostprocessing = 0;
		};
		CAD982A12D1B0D220071FEBF /* Frameworks */ = {
			isa = PBXFrameworksBuildPhase;
			buildActionMask = 2147483647;
			files = (
			);
			runOnlyForDeploymentPostprocessing = 0;
		};
/* End PBXFrameworksBuildPhase section */

/* Begin PBXGroup section */
		CAD9827B2D1B0D1E0071FEBF = {
			isa = PBXGroup;
			children = (
				CAD982862D1B0D1E0071FEBF /* MovieApp */,
				CAD982852D1B0D1E0071FEBF /* Products */,
				CAD983042D29626A0071FEBF /* Frameworks */,
			);
			sourceTree = "<group>";
		};
		CAD982852D1B0D1E0071FEBF /* Products */ = {
			isa = PBXGroup;
			children = (
				CAD982842D1B0D1E0071FEBF /* MovieApp.app */,
				CAD9829A2D1B0D220071FEBF /* MovieAppTests.xctest */,
				CAD982A42D1B0D220071FEBF /* MovieAppUITests.xctest */,
			);
			name = Products;
			sourceTree = "<group>";
		};
		CAD982862D1B0D1E0071FEBF /* MovieApp */ = {
			isa = PBXGroup;
			children = (
				CAD982B72D1B0E600071FEBF /* App */,
				CAD982BB2D1B0EAA0071FEBF /* Helper */,
				CAD982B92D1B0E8B0071FEBF /* Network */,
				CAD982BA2D1B0E9B0071FEBF /* Presentation */,
				CAD982B82D1B0E690071FEBF /* Resource */,
				CAD982952D1B0D220071FEBF /* Info.plist */,
				CAD983012D2960B20071FEBF /* GoogleService-Info.plist */,
			);
			path = MovieApp;
			sourceTree = "<group>";
		};
		CAD982B72D1B0E600071FEBF /* App */ = {
			isa = PBXGroup;
			children = (
				CAD982872D1B0D1E0071FEBF /* AppDelegate.swift */,
				CAD982CF2D1B165C0071FEBF /* SceneDelegate.swift */,
				CAD982CE2D1B165C0071FEBF /* Coordinator.swift */,
				CAD982D02D1B165C0071FEBF /* AppCoordinator.swift */,
			);
			path = App;
			sourceTree = "<group>";
		};
		CAD982B82D1B0E690071FEBF /* Resource */ = {
			isa = PBXGroup;
			children = (
				CAD982902D1B0D220071FEBF /* Assets.xcassets */,
				CAD983462D2C2C620071FEBF /* colors.xcassets */,
				CAD982922D1B0D220071FEBF /* LaunchScreen.storyboard */,
			);
			path = Resource;
			sourceTree = "<group>";
		};
		CAD982B92D1B0E8B0071FEBF /* Network */ = {
			isa = PBXGroup;
			children = (
				CAD982E72D229DC90071FEBF /* Trending */,
				CAD983202D2B15860071FEBF /* NowPlaying */,
				CAD983212D2B15A70071FEBF /* Popular */,
				CAD983222D2B15B80071FEBF /* TopRated */,
				CAD983232D2B15C60071FEBF /* Upcoming */,
				CAD982CA2D1B121A0071FEBF /* Core */,
			);
			path = Network;
			sourceTree = "<group>";
		};
		CAD982BA2D1B0E9B0071FEBF /* Presentation */ = {
			isa = PBXGroup;
			children = (
				CAD982BE2D1B0F230071FEBF /* Auth */,
				CAD982D62D1E60710071FEBF /* HomeTabBar */,
				CAD982BC2D1B0F120071FEBF /* Core */,
			);
			path = Presentation;
			sourceTree = "<group>";
		};
		CAD982BB2D1B0EAA0071FEBF /* Helper */ = {
			isa = PBXGroup;
			children = (
				CAD982BF2D1B0F720071FEBF /* Extensions.swift */,
				CAD982C12D1B0FA10071FEBF /* LayoutExtension.swift */,
			);
			path = Helper;
			sourceTree = "<group>";
		};
		CAD982BC2D1B0F120071FEBF /* Core */ = {
			isa = PBXGroup;
			children = (
				CAD982C62D1B107C0071FEBF /* Controller */,
				CAD982C52D1B10740071FEBF /* Views */,
			);
			path = Core;
			sourceTree = "<group>";
		};
		CAD982BE2D1B0F230071FEBF /* Auth */ = {
			isa = PBXGroup;
			children = (
				CAD9830E2D2AB1140071FEBF /* AuthCoordinator.swift */,
				CAD983102D2AB1440071FEBF /* AuthNavigation.swift */,
				CAD9830D2D2AB0670071FEBF /* Models */,
				CAD9830C2D2AB04C0071FEBF /* ViewModules */,
				CAD9830B2D2AB0410071FEBF /* Views */,
			);
			path = Auth;
			sourceTree = "<group>";
		};
		CAD982C52D1B10740071FEBF /* Views */ = {
			isa = PBXGroup;
			children = (
			);
			path = Views;
			sourceTree = "<group>";
		};
		CAD982C62D1B107C0071FEBF /* Controller */ = {
			isa = PBXGroup;
			children = (
				CAD982C32D1B10330071FEBF /* BaseViewController.swift */,
				CAD9838A2D4A96160071FEBF /* WebViewController.swift */,
			);
			path = Controller;
			sourceTree = "<group>";
		};
		CAD982CA2D1B121A0071FEBF /* Core */ = {
			isa = PBXGroup;
			children = (
				CAD982C72D1B121A0071FEBF /* CoreAPIHelper.swift */,
				CAD982C82D1B121A0071FEBF /* CoreAPIManager.swift */,
				CAD982C92D1B121A0071FEBF /* CoreErrorModel.swift */,
			);
			path = Core;
			sourceTree = "<group>";
		};
		CAD982D62D1E60710071FEBF /* HomeTabBar */ = {
			isa = PBXGroup;
			children = (
				CAD982D72D1E60970071FEBF /* TabBarController.swift */,
				CAD982D42D1E5CCA0071FEBF /* HomeTabBarCoordinator.swift */,
				CAD982D92D1E659D0071FEBF /* Home */,
				CAD983482D2C31700071FEBF /* Person */,
				CAD9833C2D2C13BF0071FEBF /* Search */,
				CAD982DF2D1FB1800071FEBF /* Favourite */,
			);
			path = HomeTabBar;
			sourceTree = "<group>";
		};
		CAD982D92D1E659D0071FEBF /* Home */ = {
			isa = PBXGroup;
			children = (
				CAD982DA2D1E65CE0071FEBF /* HomeCoordinator.swift */,
				CAD983862D47E96F0071FEBF /* HomeNavigation.swift */,
				CAD982F12D27E17F0071FEBF /* Views */,
				CAD982EE2D268ED30071FEBF /* Models */,
				CAD982DC2D1E66900071FEBF /* ViewModules */,
			);
			path = Home;
			sourceTree = "<group>";
		};
		CAD982DC2D1E66900071FEBF /* ViewModules */ = {
			isa = PBXGroup;
			children = (
				CAD983812D47E70D0071FEBF /* MovieDetail */,
				CAD983802D47D8D90071FEBF /* HomeController */,
			);
			path = ViewModules;
			sourceTree = "<group>";
		};
		CAD982DF2D1FB1800071FEBF /* Favourite */ = {
			isa = PBXGroup;
			children = (
				CAD982E02D1FB1E40071FEBF /* FavouriteCoordinator.swift */,
				CAD982E62D1FB24D0071FEBF /* ViewModules */,
			);
			path = Favourite;
			sourceTree = "<group>";
		};
		CAD982E62D1FB24D0071FEBF /* ViewModules */ = {
			isa = PBXGroup;
			children = (
				CAD982E22D1FB2080071FEBF /* FavouriteViewModel.swift */,
				CAD982E42D1FB2290071FEBF /* FavouriteController.swift */,
			);
			path = ViewModules;
			sourceTree = "<group>";
		};
		CAD982E72D229DC90071FEBF /* Trending */ = {
			isa = PBXGroup;
			children = (
				CAD982EC2D229E0E0071FEBF /* TrendingHelper.swift */,
				CAD982EA2D229DF90071FEBF /* TrendingUseCase.swift */,
				CAD982E82D229DE60071FEBF /* TrendingAPIService.swift */,
			);
			path = Trending;
			sourceTree = "<group>";
		};
		CAD982EE2D268ED30071FEBF /* Models */ = {
			isa = PBXGroup;
			children = (
				CAD982EF2D268EEE0071FEBF /* MovieDTO.swift */,
				CAD983882D4A12430071FEBF /* MovieDetail.swift */,
				CAD983182D2B11AC0071FEBF /* NowPlayingDTO.swift */,
				CAD9831A2D2B133A0071FEBF /* PopularDTO.swift */,
				CAD9831C2D2B14460071FEBF /* TopRatedDTO.swift */,
				CAD9831E2D2B14AD0071FEBF /* UpcomingDTO.swift */,
			);
			path = Models;
			sourceTree = "<group>";
		};
		CAD982F12D27E17F0071FEBF /* Views */ = {
			isa = PBXGroup;
			children = (
				CAD982FC2D2806FC0071FEBF /* Cells */,
				CAD982F42D27EFFD0071FEBF /* Layouts */,
				CAD982FF2D2844830071FEBF /* SectionHeader.swift */,
			);
			path = Views;
			sourceTree = "<group>";
		};
		CAD982F42D27EFFD0071FEBF /* Layouts */ = {
			isa = PBXGroup;
			children = (
				CAD982F52D27F0140071FEBF /* HomeLayouts.swift */,
			);
			path = Layouts;
			sourceTree = "<group>";
		};
		CAD982FC2D2806FC0071FEBF /* Cells */ = {
			isa = PBXGroup;
			children = (
				CAD982F22D27E1A30071FEBF /* MovieCell.swift */,
				CAD982FD2D2840570071FEBF /* TrandingSectionCell.swift */,
				CAD983442D2C28480071FEBF /* PopularSegmentCell.swift */,
				CAD983502D2C41640071FEBF /* NowPlayingSegmentCell.swift */,
				CAD983542D2C51350071FEBF /* TopRatedSegmentCell.swift */,
				CAD983522D2C50990071FEBF /* UpcomingSegmentCell.swift */,
			);
			path = Cells;
			sourceTree = "<group>";
		};
		CAD983042D29626A0071FEBF /* Frameworks */ = {
			isa = PBXGroup;
			children = (
			);
			name = Frameworks;
			sourceTree = "<group>";
		};
		CAD9830B2D2AB0410071FEBF /* Views */ = {
			isa = PBXGroup;
			children = (
			);
			path = Views;
			sourceTree = "<group>";
		};
		CAD9830C2D2AB04C0071FEBF /* ViewModules */ = {
			isa = PBXGroup;
			children = (
				CAD983132D2AB25D0071FEBF /* RegisterController */,
				CAD983122D2AB1E30071FEBF /* LoginController */,
			);
			path = ViewModules;
			sourceTree = "<group>";
		};
		CAD9830D2D2AB0670071FEBF /* Models */ = {
			isa = PBXGroup;
			children = (
			);
			path = Models;
			sourceTree = "<group>";
		};
		CAD983122D2AB1E30071FEBF /* LoginController */ = {
			isa = PBXGroup;
			children = (
				CAD983142D2AB2C20071FEBF /* LoginController.swift */,
				CAD983162D2AB2D60071FEBF /* LoginViewModel.swift */,
			);
			path = LoginController;
			sourceTree = "<group>";
		};
		CAD983132D2AB25D0071FEBF /* RegisterController */ = {
			isa = PBXGroup;
			children = (
				CAD983562D2C59330071FEBF /* RegisterController.swift */,
				CAD983582D2C596B0071FEBF /* RegisterViewModel.swift */,
			);
			path = RegisterController;
			sourceTree = "<group>";
		};
		CAD983202D2B15860071FEBF /* NowPlaying */ = {
			isa = PBXGroup;
			children = (
				CAD983242D2B16170071FEBF /* NowPlayingHelper.swift */,
				CAD983262D2B162C0071FEBF /* NowPlayingUseCase.swift */,
				CAD983282D2B16450071FEBF /* NowPlayingAPIService.swift */,
			);
			path = NowPlaying;
			sourceTree = "<group>";
		};
		CAD983212D2B15A70071FEBF /* Popular */ = {
			isa = PBXGroup;
			children = (
				CAD9832A2D2B16880071FEBF /* PopularHelper.swift */,
				CAD9832C2D2B16A10071FEBF /* PopularUseCase.swift */,
				CAD9832E2D2B16B50071FEBF /* PopularAPIService.swift */,
			);
			path = Popular;
			sourceTree = "<group>";
		};
		CAD983222D2B15B80071FEBF /* TopRated */ = {
			isa = PBXGroup;
			children = (
				CAD983302D2B16D70071FEBF /* TopRatedHelper.swift */,
				CAD983322D2B16E60071FEBF /* TopRatedUseCase.swift */,
				CAD983342D2B16F80071FEBF /* TopRatedAPIService.swift */,
			);
			path = TopRated;
			sourceTree = "<group>";
		};
		CAD983232D2B15C60071FEBF /* Upcoming */ = {
			isa = PBXGroup;
			children = (
				CAD983362D2B17160071FEBF /* UpcomingHelper.swift */,
				CAD983382D2B17260071FEBF /* UpcomingUseCase.swift */,
				CAD9833A2D2B17390071FEBF /* UpcomingAPIService.swift */,
			);
			path = Upcoming;
			sourceTree = "<group>";
		};
		CAD9833C2D2C13BF0071FEBF /* Search */ = {
			isa = PBXGroup;
			children = (
				CAD9833D2D2C13E10071FEBF /* SearchCoordinator.swift */,
				CAD9833F2D2C14000071FEBF /* ViewModules */,
			);
			path = Search;
			sourceTree = "<group>";
		};
		CAD9833F2D2C14000071FEBF /* ViewModules */ = {
			isa = PBXGroup;
			children = (
				CAD983402D2C140F0071FEBF /* SearchController.swift */,
				CAD983422D2C143A0071FEBF /* SearchViewModel.swift */,
			);
			path = ViewModules;
			sourceTree = "<group>";
		};
		CAD983482D2C31700071FEBF /* Person */ = {
			isa = PBXGroup;
			children = (
				CAD983492D2C319A0071FEBF /* PersonCoordinator.swift */,
				CAD9834B2D2C31C40071FEBF /* ViewModules */,
			);
			path = Person;
			sourceTree = "<group>";
		};
		CAD9834B2D2C31C40071FEBF /* ViewModules */ = {
			isa = PBXGroup;
			children = (
				CAD9834C2D2C31DF0071FEBF /* PersonController.swift */,
				CAD9834E2D2C32160071FEBF /* PersonViewModel.swift */,
			);
			path = ViewModules;
			sourceTree = "<group>";
		};
		CAD983802D47D8D90071FEBF /* HomeController */ = {
			isa = PBXGroup;
			children = (
				CAD9828B2D1B0D1E0071FEBF /* HomeController.swift */,
				CAD982DD2D1E66BA0071FEBF /* HomeViewModel.swift */,
			);
			path = HomeController;
			sourceTree = "<group>";
		};
		CAD983812D47E70D0071FEBF /* MovieDetail */ = {
			isa = PBXGroup;
			children = (
				CAD983822D47E7600071FEBF /* MovieDetailController.swift */,
				CAD983842D47E7930071FEBF /* MovieDetailViewModel.swift */,
			);
			path = MovieDetail;
			sourceTree = "<group>";
		};
/* End PBXGroup section */

/* Begin PBXNativeTarget section */
		CAD982832D1B0D1E0071FEBF /* MovieApp */ = {
			isa = PBXNativeTarget;
			buildConfigurationList = CAD982AE2D1B0D220071FEBF /* Build configuration list for PBXNativeTarget "MovieApp" */;
			buildPhases = (
				CAD982802D1B0D1E0071FEBF /* Sources */,
				CAD982812D1B0D1E0071FEBF /* Frameworks */,
				CAD982822D1B0D1E0071FEBF /* Resources */,
			);
			buildRules = (
			);
			dependencies = (
			);
			name = MovieApp;
			packageProductDependencies = (
				CAD982F82D28047A0071FEBF /* SDWebImage */,
				CAD982FA2D28047A0071FEBF /* SDWebImageMapKit */,
				CAD983052D29626A0071FEBF /* FirebaseCore */,
				CAD983072D29647E0071FEBF /* FirebaseFirestore */,
				CAD983092D2964970071FEBF /* FirebaseAuth */,
			);
			productName = MovieApp;
			productReference = CAD982842D1B0D1E0071FEBF /* MovieApp.app */;
			productType = "com.apple.product-type.application";
		};
		CAD982992D1B0D220071FEBF /* MovieAppTests */ = {
			isa = PBXNativeTarget;
			buildConfigurationList = CAD982B12D1B0D220071FEBF /* Build configuration list for PBXNativeTarget "MovieAppTests" */;
			buildPhases = (
				CAD982962D1B0D220071FEBF /* Sources */,
				CAD982972D1B0D220071FEBF /* Frameworks */,
				CAD982982D1B0D220071FEBF /* Resources */,
			);
			buildRules = (
			);
			dependencies = (
				CAD9829C2D1B0D220071FEBF /* PBXTargetDependency */,
			);
			name = MovieAppTests;
			productName = MovieAppTests;
			productReference = CAD9829A2D1B0D220071FEBF /* MovieAppTests.xctest */;
			productType = "com.apple.product-type.bundle.unit-test";
		};
		CAD982A32D1B0D220071FEBF /* MovieAppUITests */ = {
			isa = PBXNativeTarget;
			buildConfigurationList = CAD982B42D1B0D220071FEBF /* Build configuration list for PBXNativeTarget "MovieAppUITests" */;
			buildPhases = (
				CAD982A02D1B0D220071FEBF /* Sources */,
				CAD982A12D1B0D220071FEBF /* Frameworks */,
				CAD982A22D1B0D220071FEBF /* Resources */,
			);
			buildRules = (
			);
			dependencies = (
				CAD982A62D1B0D220071FEBF /* PBXTargetDependency */,
			);
			name = MovieAppUITests;
			productName = MovieAppUITests;
			productReference = CAD982A42D1B0D220071FEBF /* MovieAppUITests.xctest */;
			productType = "com.apple.product-type.bundle.ui-testing";
		};
/* End PBXNativeTarget section */

/* Begin PBXProject section */
		CAD9827C2D1B0D1E0071FEBF /* Project object */ = {
			isa = PBXProject;
			attributes = {
				BuildIndependentTargetsInParallel = 1;
				LastSwiftUpdateCheck = 1540;
				LastUpgradeCheck = 1540;
				TargetAttributes = {
					CAD982832D1B0D1E0071FEBF = {
						CreatedOnToolsVersion = 15.4;
					};
					CAD982992D1B0D220071FEBF = {
						CreatedOnToolsVersion = 15.4;
						TestTargetID = CAD982832D1B0D1E0071FEBF;
					};
					CAD982A32D1B0D220071FEBF = {
						CreatedOnToolsVersion = 15.4;
						TestTargetID = CAD982832D1B0D1E0071FEBF;
					};
				};
			};
			buildConfigurationList = CAD9827F2D1B0D1E0071FEBF /* Build configuration list for PBXProject "MovieApp" */;
			compatibilityVersion = "Xcode 14.0";
			developmentRegion = en;
			hasScannedForEncodings = 0;
			knownRegions = (
				en,
				Base,
			);
			mainGroup = CAD9827B2D1B0D1E0071FEBF;
			packageReferences = (
				CAD982F72D28047A0071FEBF /* XCRemoteSwiftPackageReference "SDWebImage" */,
				CAD983032D2961DE0071FEBF /* XCRemoteSwiftPackageReference "firebase-ios-sdk" */,
			);
			productRefGroup = CAD982852D1B0D1E0071FEBF /* Products */;
			projectDirPath = "";
			projectRoot = "";
			targets = (
				CAD982832D1B0D1E0071FEBF /* MovieApp */,
				CAD982992D1B0D220071FEBF /* MovieAppTests */,
				CAD982A32D1B0D220071FEBF /* MovieAppUITests */,
			);
		};
/* End PBXProject section */

/* Begin PBXResourcesBuildPhase section */
		CAD982822D1B0D1E0071FEBF /* Resources */ = {
			isa = PBXResourcesBuildPhase;
			buildActionMask = 2147483647;
			files = (
				CAD982912D1B0D220071FEBF /* Assets.xcassets in Resources */,
				CAD983472D2C2C620071FEBF /* colors.xcassets in Resources */,
				CAD982942D1B0D220071FEBF /* Base in Resources */,
				CAD983022D2960B20071FEBF /* GoogleService-Info.plist in Resources */,
			);
			runOnlyForDeploymentPostprocessing = 0;
		};
		CAD982982D1B0D220071FEBF /* Resources */ = {
			isa = PBXResourcesBuildPhase;
			buildActionMask = 2147483647;
			files = (
			);
			runOnlyForDeploymentPostprocessing = 0;
		};
		CAD982A22D1B0D220071FEBF /* Resources */ = {
			isa = PBXResourcesBuildPhase;
			buildActionMask = 2147483647;
			files = (
			);
			runOnlyForDeploymentPostprocessing = 0;
		};
/* End PBXResourcesBuildPhase section */

/* Begin PBXSourcesBuildPhase section */
		CAD982802D1B0D1E0071FEBF /* Sources */ = {
			isa = PBXSourcesBuildPhase;
			buildActionMask = 2147483647;
			files = (
				CAD982D32D1B165C0071FEBF /* AppCoordinator.swift in Sources */,
				CAD983372D2B17160071FEBF /* UpcomingHelper.swift in Sources */,
				CAD983292D2B16450071FEBF /* NowPlayingAPIService.swift in Sources */,
				CAD9831F2D2B14AD0071FEBF /* UpcomingDTO.swift in Sources */,
				CAD9833B2D2B17390071FEBF /* UpcomingAPIService.swift in Sources */,
				CAD983452D2C28480071FEBF /* PopularSegmentCell.swift in Sources */,
				CAD982D82D1E60970071FEBF /* TabBarController.swift in Sources */,
				CAD983832D47E7600071FEBF /* MovieDetailController.swift in Sources */,
				CAD983272D2B162C0071FEBF /* NowPlayingUseCase.swift in Sources */,
				CAD983392D2B17260071FEBF /* UpcomingUseCase.swift in Sources */,
				CAD983532D2C50990071FEBF /* UpcomingSegmentCell.swift in Sources */,
				CAD983552D2C51350071FEBF /* TopRatedSegmentCell.swift in Sources */,
				CAD9831D2D2B14460071FEBF /* TopRatedDTO.swift in Sources */,
				CAD9832D2D2B16A10071FEBF /* PopularUseCase.swift in Sources */,
				CAD982E32D1FB2080071FEBF /* FavouriteViewModel.swift in Sources */,
				CAD983312D2B16D70071FEBF /* TopRatedHelper.swift in Sources */,
				CAD982CB2D1B121A0071FEBF /* CoreAPIHelper.swift in Sources */,
				CAD9828C2D1B0D1E0071FEBF /* HomeController.swift in Sources */,
				CAD982D52D1E5CCA0071FEBF /* HomeTabBarCoordinator.swift in Sources */,
				CAD9834D2D2C31DF0071FEBF /* PersonController.swift in Sources */,
				CAD982F62D27F0140071FEBF /* HomeLayouts.swift in Sources */,
				CAD982ED2D229E0E0071FEBF /* TrendingHelper.swift in Sources */,
				CAD983172D2AB2D60071FEBF /* LoginViewModel.swift in Sources */,
				CAD982DB2D1E65CE0071FEBF /* HomeCoordinator.swift in Sources */,
				CAD982CD2D1B121A0071FEBF /* CoreErrorModel.swift in Sources */,
				CAD982EB2D229DF90071FEBF /* TrendingUseCase.swift in Sources */,
				CAD982882D1B0D1E0071FEBF /* AppDelegate.swift in Sources */,
				CAD983892D4A12430071FEBF /* MovieDetail.swift in Sources */,
				CAD9832B2D2B16880071FEBF /* PopularHelper.swift in Sources */,
				CAD983512D2C41640071FEBF /* NowPlayingSegmentCell.swift in Sources */,
				CAD983332D2B16E60071FEBF /* TopRatedUseCase.swift in Sources */,
				CAD983572D2C59330071FEBF /* RegisterController.swift in Sources */,
				CAD983152D2AB2C20071FEBF /* LoginController.swift in Sources */,
				CAD983002D2844830071FEBF /* SectionHeader.swift in Sources */,
				CAD983192D2B11AC0071FEBF /* NowPlayingDTO.swift in Sources */,
				CAD982C22D1B0FA10071FEBF /* LayoutExtension.swift in Sources */,
				CAD982D22D1B165C0071FEBF /* SceneDelegate.swift in Sources */,
				CAD9834A2D2C319A0071FEBF /* PersonCoordinator.swift in Sources */,
				CAD982CC2D1B121A0071FEBF /* CoreAPIManager.swift in Sources */,
				CAD9830F2D2AB1140071FEBF /* AuthCoordinator.swift in Sources */,
				CAD9834F2D2C32160071FEBF /* PersonViewModel.swift in Sources */,
				CAD982F02D268EEE0071FEBF /* MovieDTO.swift in Sources */,
				CAD9831B2D2B133A0071FEBF /* PopularDTO.swift in Sources */,
				CAD9833E2D2C13E10071FEBF /* SearchCoordinator.swift in Sources */,
				CAD983872D47E96F0071FEBF /* HomeNavigation.swift in Sources */,
				CAD982C02D1B0F720071FEBF /* Extensions.swift in Sources */,
				CAD9838B2D4A96160071FEBF /* WebViewController.swift in Sources */,
				CAD982F32D27E1A30071FEBF /* MovieCell.swift in Sources */,
				CAD983432D2C143A0071FEBF /* SearchViewModel.swift in Sources */,
				CAD982C42D1B10330071FEBF /* BaseViewController.swift in Sources */,
				CAD982E92D229DE60071FEBF /* TrendingAPIService.swift in Sources */,
				CAD9832F2D2B16B50071FEBF /* PopularAPIService.swift in Sources */,
				CAD982DE2D1E66BA0071FEBF /* HomeViewModel.swift in Sources */,
				CAD982E52D1FB2290071FEBF /* FavouriteController.swift in Sources */,
				CAD982E12D1FB1E40071FEBF /* FavouriteCoordinator.swift in Sources */,
				CAD983112D2AB1440071FEBF /* AuthNavigation.swift in Sources */,
				CAD983412D2C140F0071FEBF /* SearchController.swift in Sources */,
				CAD982D12D1B165C0071FEBF /* Coordinator.swift in Sources */,
				CAD983252D2B16170071FEBF /* NowPlayingHelper.swift in Sources */,
				CAD983852D47E7930071FEBF /* MovieDetailViewModel.swift in Sources */,
				CAD983592D2C596B0071FEBF /* RegisterViewModel.swift in Sources */,
				CAD983352D2B16F80071FEBF /* TopRatedAPIService.swift in Sources */,
				CAD982FE2D2840570071FEBF /* TrandingSectionCell.swift in Sources */,
			);
			runOnlyForDeploymentPostprocessing = 0;
		};
		CAD982962D1B0D220071FEBF /* Sources */ = {
			isa = PBXSourcesBuildPhase;
			buildActionMask = 2147483647;
			files = (
			);
			runOnlyForDeploymentPostprocessing = 0;
		};
		CAD982A02D1B0D220071FEBF /* Sources */ = {
			isa = PBXSourcesBuildPhase;
			buildActionMask = 2147483647;
			files = (
			);
			runOnlyForDeploymentPostprocessing = 0;
		};
/* End PBXSourcesBuildPhase section */

/* Begin PBXTargetDependency section */
		CAD9829C2D1B0D220071FEBF /* PBXTargetDependency */ = {
			isa = PBXTargetDependency;
			target = CAD982832D1B0D1E0071FEBF /* MovieApp */;
			targetProxy = CAD9829B2D1B0D220071FEBF /* PBXContainerItemProxy */;
		};
		CAD982A62D1B0D220071FEBF /* PBXTargetDependency */ = {
			isa = PBXTargetDependency;
			target = CAD982832D1B0D1E0071FEBF /* MovieApp */;
			targetProxy = CAD982A52D1B0D220071FEBF /* PBXContainerItemProxy */;
		};
/* End PBXTargetDependency section */

/* Begin PBXVariantGroup section */
		CAD982922D1B0D220071FEBF /* LaunchScreen.storyboard */ = {
			isa = PBXVariantGroup;
			children = (
				CAD982932D1B0D220071FEBF /* Base */,
			);
			name = LaunchScreen.storyboard;
			sourceTree = "<group>";
		};
/* End PBXVariantGroup section */

/* Begin XCBuildConfiguration section */
		CAD982AC2D1B0D220071FEBF /* Debug */ = {
			isa = XCBuildConfiguration;
			buildSettings = {
				ALWAYS_SEARCH_USER_PATHS = NO;
				ASSETCATALOG_COMPILER_GENERATE_SWIFT_ASSET_SYMBOL_EXTENSIONS = YES;
				CLANG_ANALYZER_NONNULL = YES;
				CLANG_ANALYZER_NUMBER_OBJECT_CONVERSION = YES_AGGRESSIVE;
				CLANG_CXX_LANGUAGE_STANDARD = "gnu++20";
				CLANG_ENABLE_MODULES = YES;
				CLANG_ENABLE_OBJC_ARC = YES;
				CLANG_ENABLE_OBJC_WEAK = YES;
				CLANG_WARN_BLOCK_CAPTURE_AUTORELEASING = YES;
				CLANG_WARN_BOOL_CONVERSION = YES;
				CLANG_WARN_COMMA = YES;
				CLANG_WARN_CONSTANT_CONVERSION = YES;
				CLANG_WARN_DEPRECATED_OBJC_IMPLEMENTATIONS = YES;
				CLANG_WARN_DIRECT_OBJC_ISA_USAGE = YES_ERROR;
				CLANG_WARN_DOCUMENTATION_COMMENTS = YES;
				CLANG_WARN_EMPTY_BODY = YES;
				CLANG_WARN_ENUM_CONVERSION = YES;
				CLANG_WARN_INFINITE_RECURSION = YES;
				CLANG_WARN_INT_CONVERSION = YES;
				CLANG_WARN_NON_LITERAL_NULL_CONVERSION = YES;
				CLANG_WARN_OBJC_IMPLICIT_RETAIN_SELF = YES;
				CLANG_WARN_OBJC_LITERAL_CONVERSION = YES;
				CLANG_WARN_OBJC_ROOT_CLASS = YES_ERROR;
				CLANG_WARN_QUOTED_INCLUDE_IN_FRAMEWORK_HEADER = YES;
				CLANG_WARN_RANGE_LOOP_ANALYSIS = YES;
				CLANG_WARN_STRICT_PROTOTYPES = YES;
				CLANG_WARN_SUSPICIOUS_MOVE = YES;
				CLANG_WARN_UNGUARDED_AVAILABILITY = YES_AGGRESSIVE;
				CLANG_WARN_UNREACHABLE_CODE = YES;
				CLANG_WARN__DUPLICATE_METHOD_MATCH = YES;
				COPY_PHASE_STRIP = NO;
				DEBUG_INFORMATION_FORMAT = dwarf;
				ENABLE_STRICT_OBJC_MSGSEND = YES;
				ENABLE_TESTABILITY = YES;
				ENABLE_USER_SCRIPT_SANDBOXING = YES;
				GCC_C_LANGUAGE_STANDARD = gnu17;
				GCC_DYNAMIC_NO_PIC = NO;
				GCC_NO_COMMON_BLOCKS = YES;
				GCC_OPTIMIZATION_LEVEL = 0;
				GCC_PREPROCESSOR_DEFINITIONS = (
					"DEBUG=1",
					"$(inherited)",
				);
				GCC_WARN_64_TO_32_BIT_CONVERSION = YES;
				GCC_WARN_ABOUT_RETURN_TYPE = YES_ERROR;
				GCC_WARN_UNDECLARED_SELECTOR = YES;
				GCC_WARN_UNINITIALIZED_AUTOS = YES_AGGRESSIVE;
				GCC_WARN_UNUSED_FUNCTION = YES;
				GCC_WARN_UNUSED_VARIABLE = YES;
				IPHONEOS_DEPLOYMENT_TARGET = 17.5;
				LOCALIZATION_PREFERS_STRING_CATALOGS = YES;
				MTL_ENABLE_DEBUG_INFO = INCLUDE_SOURCE;
				MTL_FAST_MATH = YES;
				ONLY_ACTIVE_ARCH = YES;
				SDKROOT = iphoneos;
				SWIFT_ACTIVE_COMPILATION_CONDITIONS = "DEBUG $(inherited)";
				SWIFT_OPTIMIZATION_LEVEL = "-Onone";
			};
			name = Debug;
		};
		CAD982AD2D1B0D220071FEBF /* Release */ = {
			isa = XCBuildConfiguration;
			buildSettings = {
				ALWAYS_SEARCH_USER_PATHS = NO;
				ASSETCATALOG_COMPILER_GENERATE_SWIFT_ASSET_SYMBOL_EXTENSIONS = YES;
				CLANG_ANALYZER_NONNULL = YES;
				CLANG_ANALYZER_NUMBER_OBJECT_CONVERSION = YES_AGGRESSIVE;
				CLANG_CXX_LANGUAGE_STANDARD = "gnu++20";
				CLANG_ENABLE_MODULES = YES;
				CLANG_ENABLE_OBJC_ARC = YES;
				CLANG_ENABLE_OBJC_WEAK = YES;
				CLANG_WARN_BLOCK_CAPTURE_AUTORELEASING = YES;
				CLANG_WARN_BOOL_CONVERSION = YES;
				CLANG_WARN_COMMA = YES;
				CLANG_WARN_CONSTANT_CONVERSION = YES;
				CLANG_WARN_DEPRECATED_OBJC_IMPLEMENTATIONS = YES;
				CLANG_WARN_DIRECT_OBJC_ISA_USAGE = YES_ERROR;
				CLANG_WARN_DOCUMENTATION_COMMENTS = YES;
				CLANG_WARN_EMPTY_BODY = YES;
				CLANG_WARN_ENUM_CONVERSION = YES;
				CLANG_WARN_INFINITE_RECURSION = YES;
				CLANG_WARN_INT_CONVERSION = YES;
				CLANG_WARN_NON_LITERAL_NULL_CONVERSION = YES;
				CLANG_WARN_OBJC_IMPLICIT_RETAIN_SELF = YES;
				CLANG_WARN_OBJC_LITERAL_CONVERSION = YES;
				CLANG_WARN_OBJC_ROOT_CLASS = YES_ERROR;
				CLANG_WARN_QUOTED_INCLUDE_IN_FRAMEWORK_HEADER = YES;
				CLANG_WARN_RANGE_LOOP_ANALYSIS = YES;
				CLANG_WARN_STRICT_PROTOTYPES = YES;
				CLANG_WARN_SUSPICIOUS_MOVE = YES;
				CLANG_WARN_UNGUARDED_AVAILABILITY = YES_AGGRESSIVE;
				CLANG_WARN_UNREACHABLE_CODE = YES;
				CLANG_WARN__DUPLICATE_METHOD_MATCH = YES;
				COPY_PHASE_STRIP = NO;
				DEBUG_INFORMATION_FORMAT = "dwarf-with-dsym";
				ENABLE_NS_ASSERTIONS = NO;
				ENABLE_STRICT_OBJC_MSGSEND = YES;
				ENABLE_USER_SCRIPT_SANDBOXING = YES;
				GCC_C_LANGUAGE_STANDARD = gnu17;
				GCC_NO_COMMON_BLOCKS = YES;
				GCC_WARN_64_TO_32_BIT_CONVERSION = YES;
				GCC_WARN_ABOUT_RETURN_TYPE = YES_ERROR;
				GCC_WARN_UNDECLARED_SELECTOR = YES;
				GCC_WARN_UNINITIALIZED_AUTOS = YES_AGGRESSIVE;
				GCC_WARN_UNUSED_FUNCTION = YES;
				GCC_WARN_UNUSED_VARIABLE = YES;
				IPHONEOS_DEPLOYMENT_TARGET = 17.5;
				LOCALIZATION_PREFERS_STRING_CATALOGS = YES;
				MTL_ENABLE_DEBUG_INFO = NO;
				MTL_FAST_MATH = YES;
				SDKROOT = iphoneos;
				SWIFT_COMPILATION_MODE = wholemodule;
				VALIDATE_PRODUCT = YES;
			};
			name = Release;
		};
		CAD982AF2D1B0D220071FEBF /* Debug */ = {
			isa = XCBuildConfiguration;
			buildSettings = {
				ASSETCATALOG_COMPILER_APPICON_NAME = AppIcon;
				ASSETCATALOG_COMPILER_GLOBAL_ACCENT_COLOR_NAME = AccentColor;
				CODE_SIGN_STYLE = Automatic;
				CURRENT_PROJECT_VERSION = 1;
				DEVELOPMENT_TEAM = D59U6YM5SK;
				GENERATE_INFOPLIST_FILE = YES;
				INFOPLIST_FILE = MovieApp/Info.plist;
				INFOPLIST_KEY_UIApplicationSupportsIndirectInputEvents = YES;
				INFOPLIST_KEY_UILaunchStoryboardName = LaunchScreen;
				INFOPLIST_KEY_UISupportedInterfaceOrientations_iPad = "UIInterfaceOrientationPortrait UIInterfaceOrientationPortraitUpsideDown UIInterfaceOrientationLandscapeLeft UIInterfaceOrientationLandscapeRight";
				INFOPLIST_KEY_UISupportedInterfaceOrientations_iPhone = "UIInterfaceOrientationPortrait UIInterfaceOrientationLandscapeLeft UIInterfaceOrientationLandscapeRight";
				LD_RUNPATH_SEARCH_PATHS = (
					"$(inherited)",
					"@executable_path/Frameworks",
				);
				MARKETING_VERSION = 1.0;
				PRODUCT_BUNDLE_IDENTIFIER = Project.MovieApp;
				PRODUCT_NAME = "$(TARGET_NAME)";
				SWIFT_EMIT_LOC_STRINGS = YES;
				SWIFT_VERSION = 5.0;
				TARGETED_DEVICE_FAMILY = "1,2";
			};
			name = Debug;
		};
		CAD982B02D1B0D220071FEBF /* Release */ = {
			isa = XCBuildConfiguration;
			buildSettings = {
				ASSETCATALOG_COMPILER_APPICON_NAME = AppIcon;
				ASSETCATALOG_COMPILER_GLOBAL_ACCENT_COLOR_NAME = AccentColor;
				CODE_SIGN_STYLE = Automatic;
				CURRENT_PROJECT_VERSION = 1;
				DEVELOPMENT_TEAM = D59U6YM5SK;
				GENERATE_INFOPLIST_FILE = YES;
				INFOPLIST_FILE = MovieApp/Info.plist;
				INFOPLIST_KEY_UIApplicationSupportsIndirectInputEvents = YES;
				INFOPLIST_KEY_UILaunchStoryboardName = LaunchScreen;
				INFOPLIST_KEY_UISupportedInterfaceOrientations_iPad = "UIInterfaceOrientationPortrait UIInterfaceOrientationPortraitUpsideDown UIInterfaceOrientationLandscapeLeft UIInterfaceOrientationLandscapeRight";
				INFOPLIST_KEY_UISupportedInterfaceOrientations_iPhone = "UIInterfaceOrientationPortrait UIInterfaceOrientationLandscapeLeft UIInterfaceOrientationLandscapeRight";
				LD_RUNPATH_SEARCH_PATHS = (
					"$(inherited)",
					"@executable_path/Frameworks",
				);
				MARKETING_VERSION = 1.0;
				PRODUCT_BUNDLE_IDENTIFIER = Project.MovieApp;
				PRODUCT_NAME = "$(TARGET_NAME)";
				SWIFT_EMIT_LOC_STRINGS = YES;
				SWIFT_VERSION = 5.0;
				TARGETED_DEVICE_FAMILY = "1,2";
			};
			name = Release;
		};
		CAD982B22D1B0D220071FEBF /* Debug */ = {
			isa = XCBuildConfiguration;
			buildSettings = {
				ALWAYS_EMBED_SWIFT_STANDARD_LIBRARIES = YES;
				BUNDLE_LOADER = "$(TEST_HOST)";
				CODE_SIGN_STYLE = Automatic;
				CURRENT_PROJECT_VERSION = 1;
				DEVELOPMENT_TEAM = D59U6YM5SK;
				GENERATE_INFOPLIST_FILE = YES;
				IPHONEOS_DEPLOYMENT_TARGET = 17.5;
				MARKETING_VERSION = 1.0;
				PRODUCT_BUNDLE_IDENTIFIER = Project.MovieAppTests;
				PRODUCT_NAME = "$(TARGET_NAME)";
				SWIFT_EMIT_LOC_STRINGS = NO;
				SWIFT_VERSION = 5.0;
				TARGETED_DEVICE_FAMILY = "1,2";
				TEST_HOST = "$(BUILT_PRODUCTS_DIR)/MovieApp.app/$(BUNDLE_EXECUTABLE_FOLDER_PATH)/MovieApp";
			};
			name = Debug;
		};
		CAD982B32D1B0D220071FEBF /* Release */ = {
			isa = XCBuildConfiguration;
			buildSettings = {
				ALWAYS_EMBED_SWIFT_STANDARD_LIBRARIES = YES;
				BUNDLE_LOADER = "$(TEST_HOST)";
				CODE_SIGN_STYLE = Automatic;
				CURRENT_PROJECT_VERSION = 1;
				DEVELOPMENT_TEAM = D59U6YM5SK;
				GENERATE_INFOPLIST_FILE = YES;
				IPHONEOS_DEPLOYMENT_TARGET = 17.5;
				MARKETING_VERSION = 1.0;
				PRODUCT_BUNDLE_IDENTIFIER = Project.MovieAppTests;
				PRODUCT_NAME = "$(TARGET_NAME)";
				SWIFT_EMIT_LOC_STRINGS = NO;
				SWIFT_VERSION = 5.0;
				TARGETED_DEVICE_FAMILY = "1,2";
				TEST_HOST = "$(BUILT_PRODUCTS_DIR)/MovieApp.app/$(BUNDLE_EXECUTABLE_FOLDER_PATH)/MovieApp";
			};
			name = Release;
		};
		CAD982B52D1B0D220071FEBF /* Debug */ = {
			isa = XCBuildConfiguration;
			buildSettings = {
				ALWAYS_EMBED_SWIFT_STANDARD_LIBRARIES = YES;
				CODE_SIGN_STYLE = Automatic;
				CURRENT_PROJECT_VERSION = 1;
				DEVELOPMENT_TEAM = D59U6YM5SK;
				GENERATE_INFOPLIST_FILE = YES;
				MARKETING_VERSION = 1.0;
				PRODUCT_BUNDLE_IDENTIFIER = Project.MovieAppUITests;
				PRODUCT_NAME = "$(TARGET_NAME)";
				SWIFT_EMIT_LOC_STRINGS = NO;
				SWIFT_VERSION = 5.0;
				TARGETED_DEVICE_FAMILY = "1,2";
				TEST_TARGET_NAME = MovieApp;
			};
			name = Debug;
		};
		CAD982B62D1B0D220071FEBF /* Release */ = {
			isa = XCBuildConfiguration;
			buildSettings = {
				ALWAYS_EMBED_SWIFT_STANDARD_LIBRARIES = YES;
				CODE_SIGN_STYLE = Automatic;
				CURRENT_PROJECT_VERSION = 1;
				DEVELOPMENT_TEAM = D59U6YM5SK;
				GENERATE_INFOPLIST_FILE = YES;
				MARKETING_VERSION = 1.0;
				PRODUCT_BUNDLE_IDENTIFIER = Project.MovieAppUITests;
				PRODUCT_NAME = "$(TARGET_NAME)";
				SWIFT_EMIT_LOC_STRINGS = NO;
				SWIFT_VERSION = 5.0;
				TARGETED_DEVICE_FAMILY = "1,2";
				TEST_TARGET_NAME = MovieApp;
			};
			name = Release;
		};
/* End XCBuildConfiguration section */

/* Begin XCConfigurationList section */
		CAD9827F2D1B0D1E0071FEBF /* Build configuration list for PBXProject "MovieApp" */ = {
			isa = XCConfigurationList;
			buildConfigurations = (
				CAD982AC2D1B0D220071FEBF /* Debug */,
				CAD982AD2D1B0D220071FEBF /* Release */,
			);
			defaultConfigurationIsVisible = 0;
			defaultConfigurationName = Release;
		};
		CAD982AE2D1B0D220071FEBF /* Build configuration list for PBXNativeTarget "MovieApp" */ = {
			isa = XCConfigurationList;
			buildConfigurations = (
				CAD982AF2D1B0D220071FEBF /* Debug */,
				CAD982B02D1B0D220071FEBF /* Release */,
			);
			defaultConfigurationIsVisible = 0;
			defaultConfigurationName = Release;
		};
		CAD982B12D1B0D220071FEBF /* Build configuration list for PBXNativeTarget "MovieAppTests" */ = {
			isa = XCConfigurationList;
			buildConfigurations = (
				CAD982B22D1B0D220071FEBF /* Debug */,
				CAD982B32D1B0D220071FEBF /* Release */,
			);
			defaultConfigurationIsVisible = 0;
			defaultConfigurationName = Release;
		};
		CAD982B42D1B0D220071FEBF /* Build configuration list for PBXNativeTarget "MovieAppUITests" */ = {
			isa = XCConfigurationList;
			buildConfigurations = (
				CAD982B52D1B0D220071FEBF /* Debug */,
				CAD982B62D1B0D220071FEBF /* Release */,
			);
			defaultConfigurationIsVisible = 0;
			defaultConfigurationName = Release;
		};
/* End XCConfigurationList section */

/* Begin XCRemoteSwiftPackageReference section */
		CAD982F72D28047A0071FEBF /* XCRemoteSwiftPackageReference "SDWebImage" */ = {
			isa = XCRemoteSwiftPackageReference;
			repositoryURL = "https://github.com/SDWebImage/SDWebImage";
			requirement = {
				kind = upToNextMajorVersion;
				minimumVersion = 5.20.0;
			};
		};
		CAD983032D2961DE0071FEBF /* XCRemoteSwiftPackageReference "firebase-ios-sdk" */ = {
			isa = XCRemoteSwiftPackageReference;
			repositoryURL = "https://github.com/firebase/firebase-ios-sdk";
			requirement = {
				kind = upToNextMajorVersion;
				minimumVersion = 11.6.0;
			};
		};
/* End XCRemoteSwiftPackageReference section */

/* Begin XCSwiftPackageProductDependency section */
		CAD982F82D28047A0071FEBF /* SDWebImage */ = {
			isa = XCSwiftPackageProductDependency;
			package = CAD982F72D28047A0071FEBF /* XCRemoteSwiftPackageReference "SDWebImage" */;
			productName = SDWebImage;
		};
		CAD982FA2D28047A0071FEBF /* SDWebImageMapKit */ = {
			isa = XCSwiftPackageProductDependency;
			package = CAD982F72D28047A0071FEBF /* XCRemoteSwiftPackageReference "SDWebImage" */;
			productName = SDWebImageMapKit;
		};
		CAD983052D29626A0071FEBF /* FirebaseCore */ = {
			isa = XCSwiftPackageProductDependency;
			package = CAD983032D2961DE0071FEBF /* XCRemoteSwiftPackageReference "firebase-ios-sdk" */;
			productName = FirebaseCore;
		};
		CAD983072D29647E0071FEBF /* FirebaseFirestore */ = {
			isa = XCSwiftPackageProductDependency;
			package = CAD983032D2961DE0071FEBF /* XCRemoteSwiftPackageReference "firebase-ios-sdk" */;
			productName = FirebaseFirestore;
		};
		CAD983092D2964970071FEBF /* FirebaseAuth */ = {
			isa = XCSwiftPackageProductDependency;
			package = CAD983032D2961DE0071FEBF /* XCRemoteSwiftPackageReference "firebase-ios-sdk" */;
			productName = FirebaseAuth;
		};
/* End XCSwiftPackageProductDependency section */
	};
	rootObject = CAD9827C2D1B0D1E0071FEBF /* Project object */;
}
